{
  "object": {
    "pins": [
      {
        "package": "SimplyCoreAudio",
        "repositoryURL": "https://github.com/technicalpickles/SimplyCoreAudio",
        "state": {
          "branch": "4.0.1-fixed",
          "revision": "23ee2b3ad9fa1691631e332c173f28035880e73b",
          "version": null
        }
      },
      {
        "package": "swift-argument-parser",
        "repositoryURL": "https://github.com/apple/swift-argument-parser",
        "state": {
          "branch": null,
          "revision": "83b23d940471b313427da226196661856f6ba3e0",
          "version": "0.4.4"
        }
      },
      {
        "package": "swift-atomics",
        "repositoryURL": "https://github.com/apple/swift-atomics.git",
        "state": {
          "branch": null,
          "revision": "3e95ba32cd1b4c877f6163e8eea54afc4e63bf9f",
          "version": "0.0.3"
        }
      }
    ]
  },
  "version": 1
}
